
Microsoft Visual Studio Solution File, Format Version 12.00
# Visual Studio Version 17
VisualStudioVersion = 17.1.32210.238
MinimumVisualStudioVersion = 10.0.40219.1
Project("{9A19103F-16F7-4668-BE54-9A1E7A4F7556}") = "Postex.Infrastructure", "Infrastructure\Postex.Infrastructure\Postex.Infrastructure\Postex.Infrastructure.csproj", "{4C7BC079-D2D0-477D-BEB5-46692A01429C}"
EndProject
Project("{9A19103F-16F7-4668-BE54-9A1E7A4F7556}") = "Postex.SharedKernel", "SharedKernel\Postex.SharedKernel\Postex.SharedKernel.csproj", "{8631A5EF-1240-40DB-8762-651C3F92FF74}"
EndProject
Project("{9A19103F-16F7-4668-BE54-9A1E7A4F7556}") = "Postex.Application", "Application\Postex.Application\Postex.Application.csproj", "{B5C241DE-0A86-471A-9042-1E1DCB7A9F47}"
EndProject
Project("{2150E333-8FDC-42A3-9474-1A3956D46DE8}") = "Services", "Services", "{B953F851-0D3D-4CC5-8722-4C1FAD44C195}"
EndProject
Project("{9A19103F-16F7-4668-BE54-9A1E7A4F7556}") = "Postex.AddressService", "Postex.AddressService\Postex.AddressService.csproj", "{4F4D22F0-B30E-41A5-B712-1CE5409B9549}"
EndProject
Project("{9A19103F-16F7-4668-BE54-9A1E7A4F7556}") = "Postex.TrackingService", "Services\TrackingService\Postex.TrackingService.csproj", "{0703F598-AE03-4636-B5CE-BF7AA464220D}"
EndProject
Project("{2150E333-8FDC-42A3-9474-1A3956D46DE8}") = "Address", "Address", "{67161FD0-70D2-4BFE-82E7-D334954DF83B}"
EndProject
Project("{9A19103F-16F7-4668-BE54-9A1E7A4F7556}") = "Postex.AddressService.Domain", "Services\AddressService\Postex.AddressService.Domain\Postex.AddressService.Domain.csproj", "{0F24C02A-3636-49DD-A6A7-4AC7BC8344EA}"
EndProject
Project("{9A19103F-16F7-4668-BE54-9A1E7A4F7556}") = "Postex.AddressService.Infrastructure", "Postex.AddressService.Infrastructure\Postex.AddressService.Infrastructure.csproj", "{B03E52E8-4F6B-4018-8A46-B46733C29D77}"
EndProject
Project("{2150E333-8FDC-42A3-9474-1A3956D46DE8}") = "Notification", "Notification", "{05ADD289-5143-4D3D-8674-44B9022A6937}"
EndProject
Project("{2150E333-8FDC-42A3-9474-1A3956D46DE8}") = "Product", "Product", "{7E6D07B5-2315-49F5-BAA8-9C80EEAA5B73}"
EndProject
Project("{2150E333-8FDC-42A3-9474-1A3956D46DE8}") = "Shared", "Shared", "{503A475E-8CF4-41FD-B358-62DBB1BA07BC}"
EndProject
Project("{9A19103F-16F7-4668-BE54-9A1E7A4F7556}") = "Postex.Product.Domain", "Product\Postex.Product.Domain\Postex.Product.Domain.csproj", "{DE7C4A33-3D9C-48DB-88E9-EE217D2B2B14}"
EndProject
Project("{9A19103F-16F7-4668-BE54-9A1E7A4F7556}") = "Postex.Product.Infrastructure", "Product\Postex.Product.Infrastructure\Postex.Product.Infrastructure.csproj", "{F92B3703-74D6-4BD8-9788-D4BC6364BF1B}"
EndProject
Project("{9A19103F-16F7-4668-BE54-9A1E7A4F7556}") = "Postex.Product.Application", "Product\Postex.Product.Application\Postex.Product.Application.csproj", "{0F51528B-9EA9-4848-B747-9A1F8D46FF88}"
EndProject
Project("{9A19103F-16F7-4668-BE54-9A1E7A4F7556}") = "Postex.Product.Api", "Product\Postex.Product.Api\Postex.Product.Api.csproj", "{B309ADA1-B3C7-488C-B3AF-7C779B4BF0AB}"
EndProject
Project("{9A19103F-16F7-4668-BE54-9A1E7A4F7556}") = "Postex.Product.UnitTest", "Product\Postex.Product.UnitTest\Postex.Product.UnitTest.csproj", "{22FEA485-958D-40AB-93BF-DA10CE406937}"
EndProject
Project("{2150E333-8FDC-42A3-9474-1A3956D46DE8}") = "UserManagement", "UserManagement", "{6A02ECA5-57B1-46A7-95EB-A31D9867ECD3}"
EndProject
Project("{9A19103F-16F7-4668-BE54-9A1E7A4F7556}") = "Postex.UserManagement.Api", "UserManagement\Postex.UserManagement.Api\Postex.UserManagement.Api.csproj", "{56A864AE-9275-434F-93FF-1DB111C530CD}"
EndProject
Project("{9A19103F-16F7-4668-BE54-9A1E7A4F7556}") = "Postex.UserManagement.Application", "UserManagement\Postex.UserManagement.Application\Postex.UserManagement.Application.csproj", "{CF674619-DB20-4689-ACE0-08F20F9BBEED}"
EndProject
Project("{9A19103F-16F7-4668-BE54-9A1E7A4F7556}") = "Postex.UserManagement.Domain", "UserManagement\Postex.UserManagement.Domain\Postex.UserManagement.Domain.csproj", "{F5D7326D-14F8-4A09-82E0-EBD950292773}"
EndProject
Project("{9A19103F-16F7-4668-BE54-9A1E7A4F7556}") = "Postex.UserManagement.Infrastructure", "UserManagement\Postex.UserManagement.Infrastructure\Postex.UserManagement.Infrastructure.csproj", "{2CADDA1D-3BA8-4DEC-B1ED-B69CCB5B514A}"
EndProject
Project("{2150E333-8FDC-42A3-9474-1A3956D46DE8}") = "Pudo", "Pudo", "{0E1831C2-39BC-49CD-A649-8F0E865FFC1F}"
EndProject
Project("{9A19103F-16F7-4668-BE54-9A1E7A4F7556}") = "Postex.Pudo.Api", "Pudo\Postex.Pudo.Api\Postex.Pudo.Api.csproj", "{87E5662B-0B18-4B45-AD99-83053F1F7785}"
EndProject
Project("{9A19103F-16F7-4668-BE54-9A1E7A4F7556}") = "Postex.Pudo.Application", "Pudo\Postex.Pudo.Application\Postex.Pudo.Application.csproj", "{6ACB21AE-CD1C-46CE-8B28-81A72D886A22}"
EndProject
Project("{9A19103F-16F7-4668-BE54-9A1E7A4F7556}") = "Postex.Pudo.Infrastructure", "Pudo\Postex.Pudo.Infrastructure\Postex.Pudo.Infrastructure.csproj", "{F614F8E8-4BDA-449C-93DE-89F264D0DE2F}"
EndProject
Project("{9A19103F-16F7-4668-BE54-9A1E7A4F7556}") = "Postex.Pudo.Domain", "Pudo\Postex.Pudo.Domain\Postex.Pudo.Domain.csproj", "{74BC01E7-CFFE-45DA-9C2D-F36A64577578}"
EndProject
Project("{9A19103F-16F7-4668-BE54-9A1E7A4F7556}") = "Postex.Product.ContractApi", "Product\Postex.Product.ContractApi\Postex.Product.ContractApi.csproj", "{3A7D1DCF-5FCA-4497-9D9F-6C1E8E4E22BE}"
EndProject
Project("{9A19103F-16F7-4668-BE54-9A1E7A4F7556}") = "Postex.Product.ServiceApi", "Product\Postex.Product.ServiceApi\Postex.Product.ServiceApi.csproj", "{70017499-1065-43DA-967F-8B6A82B8AAC7}"
EndProject
Project("{9A19103F-16F7-4668-BE54-9A1E7A4F7556}") = "Postex.Notification.Api", "Notification\Postex.Notification.Api\Postex.Notification.Api.csproj", "{A9A7531A-98A3-46C7-8B03-DC4927471BF9}"
EndProject
Project("{9A19103F-16F7-4668-BE54-9A1E7A4F7556}") = "Postex.Notification.Application", "Notification\Postex.Notification.Application\Postex.Notification.Application.csproj", "{D46B2D5A-F9D3-41EB-8884-03E33736B44C}"
EndProject
Project("{9A19103F-16F7-4668-BE54-9A1E7A4F7556}") = "Postex.Notification.Domain", "Notification\Postex.Notification.Domain\Postex.Notification.Domain.csproj", "{32808FBF-3D56-4DD8-AC2C-E8F28B471413}"
EndProject
Project("{9A19103F-16F7-4668-BE54-9A1E7A4F7556}") = "Postex.Notification.Infrastructure", "Notification\Postex.Notification.Infrastructure\Postex.Notification.Infrastructure.csproj", "{C988558B-E6DC-450A-BD2E-09088A1E6656}"
EndProject
Global
	GlobalSection(SolutionConfigurationPlatforms) = preSolution
		Debug|Any CPU = Debug|Any CPU
		Release|Any CPU = Release|Any CPU
	EndGlobalSection
	GlobalSection(ProjectConfigurationPlatforms) = postSolution
		{4C7BC079-D2D0-477D-BEB5-46692A01429C}.Debug|Any CPU.ActiveCfg = Debug|Any CPU
		{4C7BC079-D2D0-477D-BEB5-46692A01429C}.Debug|Any CPU.Build.0 = Debug|Any CPU
		{4C7BC079-D2D0-477D-BEB5-46692A01429C}.Release|Any CPU.ActiveCfg = Release|Any CPU
		{4C7BC079-D2D0-477D-BEB5-46692A01429C}.Release|Any CPU.Build.0 = Release|Any CPU
		{8631A5EF-1240-40DB-8762-651C3F92FF74}.Debug|Any CPU.ActiveCfg = Debug|Any CPU
		{8631A5EF-1240-40DB-8762-651C3F92FF74}.Debug|Any CPU.Build.0 = Debug|Any CPU
		{8631A5EF-1240-40DB-8762-651C3F92FF74}.Release|Any CPU.ActiveCfg = Release|Any CPU
		{8631A5EF-1240-40DB-8762-651C3F92FF74}.Release|Any CPU.Build.0 = Release|Any CPU
		{B5C241DE-0A86-471A-9042-1E1DCB7A9F47}.Debug|Any CPU.ActiveCfg = Debug|Any CPU
		{B5C241DE-0A86-471A-9042-1E1DCB7A9F47}.Debug|Any CPU.Build.0 = Debug|Any CPU
		{B5C241DE-0A86-471A-9042-1E1DCB7A9F47}.Release|Any CPU.ActiveCfg = Release|Any CPU
		{B5C241DE-0A86-471A-9042-1E1DCB7A9F47}.Release|Any CPU.Build.0 = Release|Any CPU
		{4F4D22F0-B30E-41A5-B712-1CE5409B9549}.Debug|Any CPU.ActiveCfg = Debug|Any CPU
		{4F4D22F0-B30E-41A5-B712-1CE5409B9549}.Debug|Any CPU.Build.0 = Debug|Any CPU
		{4F4D22F0-B30E-41A5-B712-1CE5409B9549}.Release|Any CPU.ActiveCfg = Release|Any CPU
		{4F4D22F0-B30E-41A5-B712-1CE5409B9549}.Release|Any CPU.Build.0 = Release|Any CPU
		{0703F598-AE03-4636-B5CE-BF7AA464220D}.Debug|Any CPU.ActiveCfg = Debug|Any CPU
		{0703F598-AE03-4636-B5CE-BF7AA464220D}.Debug|Any CPU.Build.0 = Debug|Any CPU
		{0703F598-AE03-4636-B5CE-BF7AA464220D}.Release|Any CPU.ActiveCfg = Release|Any CPU
		{0703F598-AE03-4636-B5CE-BF7AA464220D}.Release|Any CPU.Build.0 = Release|Any CPU
		{0F24C02A-3636-49DD-A6A7-4AC7BC8344EA}.Debug|Any CPU.ActiveCfg = Debug|Any CPU
		{0F24C02A-3636-49DD-A6A7-4AC7BC8344EA}.Debug|Any CPU.Build.0 = Debug|Any CPU
		{0F24C02A-3636-49DD-A6A7-4AC7BC8344EA}.Release|Any CPU.ActiveCfg = Release|Any CPU
		{0F24C02A-3636-49DD-A6A7-4AC7BC8344EA}.Release|Any CPU.Build.0 = Release|Any CPU
		{B03E52E8-4F6B-4018-8A46-B46733C29D77}.Debug|Any CPU.ActiveCfg = Debug|Any CPU
		{B03E52E8-4F6B-4018-8A46-B46733C29D77}.Debug|Any CPU.Build.0 = Debug|Any CPU
		{B03E52E8-4F6B-4018-8A46-B46733C29D77}.Release|Any CPU.ActiveCfg = Release|Any CPU
		{B03E52E8-4F6B-4018-8A46-B46733C29D77}.Release|Any CPU.Build.0 = Release|Any CPU
		{DE7C4A33-3D9C-48DB-88E9-EE217D2B2B14}.Debug|Any CPU.ActiveCfg = Debug|Any CPU
		{DE7C4A33-3D9C-48DB-88E9-EE217D2B2B14}.Debug|Any CPU.Build.0 = Debug|Any CPU
		{DE7C4A33-3D9C-48DB-88E9-EE217D2B2B14}.Release|Any CPU.ActiveCfg = Release|Any CPU
		{DE7C4A33-3D9C-48DB-88E9-EE217D2B2B14}.Release|Any CPU.Build.0 = Release|Any CPU
		{F92B3703-74D6-4BD8-9788-D4BC6364BF1B}.Debug|Any CPU.ActiveCfg = Debug|Any CPU
		{F92B3703-74D6-4BD8-9788-D4BC6364BF1B}.Debug|Any CPU.Build.0 = Debug|Any CPU
		{F92B3703-74D6-4BD8-9788-D4BC6364BF1B}.Release|Any CPU.ActiveCfg = Release|Any CPU
		{F92B3703-74D6-4BD8-9788-D4BC6364BF1B}.Release|Any CPU.Build.0 = Release|Any CPU
		{0F51528B-9EA9-4848-B747-9A1F8D46FF88}.Debug|Any CPU.ActiveCfg = Debug|Any CPU
		{0F51528B-9EA9-4848-B747-9A1F8D46FF88}.Debug|Any CPU.Build.0 = Debug|Any CPU
		{0F51528B-9EA9-4848-B747-9A1F8D46FF88}.Release|Any CPU.ActiveCfg = Release|Any CPU
		{0F51528B-9EA9-4848-B747-9A1F8D46FF88}.Release|Any CPU.Build.0 = Release|Any CPU
		{B309ADA1-B3C7-488C-B3AF-7C779B4BF0AB}.Debug|Any CPU.ActiveCfg = Debug|Any CPU
		{B309ADA1-B3C7-488C-B3AF-7C779B4BF0AB}.Debug|Any CPU.Build.0 = Debug|Any CPU
		{B309ADA1-B3C7-488C-B3AF-7C779B4BF0AB}.Release|Any CPU.ActiveCfg = Release|Any CPU
		{B309ADA1-B3C7-488C-B3AF-7C779B4BF0AB}.Release|Any CPU.Build.0 = Release|Any CPU
		{22FEA485-958D-40AB-93BF-DA10CE406937}.Debug|Any CPU.ActiveCfg = Debug|Any CPU
		{22FEA485-958D-40AB-93BF-DA10CE406937}.Debug|Any CPU.Build.0 = Debug|Any CPU
		{22FEA485-958D-40AB-93BF-DA10CE406937}.Release|Any CPU.ActiveCfg = Release|Any CPU
		{22FEA485-958D-40AB-93BF-DA10CE406937}.Release|Any CPU.Build.0 = Release|Any CPU
		{56A864AE-9275-434F-93FF-1DB111C530CD}.Debug|Any CPU.ActiveCfg = Debug|Any CPU
		{56A864AE-9275-434F-93FF-1DB111C530CD}.Debug|Any CPU.Build.0 = Debug|Any CPU
		{56A864AE-9275-434F-93FF-1DB111C530CD}.Release|Any CPU.ActiveCfg = Release|Any CPU
		{56A864AE-9275-434F-93FF-1DB111C530CD}.Release|Any CPU.Build.0 = Release|Any CPU
		{CF674619-DB20-4689-ACE0-08F20F9BBEED}.Debug|Any CPU.ActiveCfg = Debug|Any CPU
		{CF674619-DB20-4689-ACE0-08F20F9BBEED}.Debug|Any CPU.Build.0 = Debug|Any CPU
		{CF674619-DB20-4689-ACE0-08F20F9BBEED}.Release|Any CPU.ActiveCfg = Release|Any CPU
		{CF674619-DB20-4689-ACE0-08F20F9BBEED}.Release|Any CPU.Build.0 = Release|Any CPU
		{F5D7326D-14F8-4A09-82E0-EBD950292773}.Debug|Any CPU.ActiveCfg = Debug|Any CPU
		{F5D7326D-14F8-4A09-82E0-EBD950292773}.Debug|Any CPU.Build.0 = Debug|Any CPU
		{F5D7326D-14F8-4A09-82E0-EBD950292773}.Release|Any CPU.ActiveCfg = Release|Any CPU
		{F5D7326D-14F8-4A09-82E0-EBD950292773}.Release|Any CPU.Build.0 = Release|Any CPU
		{2CADDA1D-3BA8-4DEC-B1ED-B69CCB5B514A}.Debug|Any CPU.ActiveCfg = Debug|Any CPU
		{2CADDA1D-3BA8-4DEC-B1ED-B69CCB5B514A}.Debug|Any CPU.Build.0 = Debug|Any CPU
		{2CADDA1D-3BA8-4DEC-B1ED-B69CCB5B514A}.Release|Any CPU.ActiveCfg = Release|Any CPU
		{2CADDA1D-3BA8-4DEC-B1ED-B69CCB5B514A}.Release|Any CPU.Build.0 = Release|Any CPU
		{87E5662B-0B18-4B45-AD99-83053F1F7785}.Debug|Any CPU.ActiveCfg = Debug|Any CPU
		{87E5662B-0B18-4B45-AD99-83053F1F7785}.Debug|Any CPU.Build.0 = Debug|Any CPU
		{87E5662B-0B18-4B45-AD99-83053F1F7785}.Release|Any CPU.ActiveCfg = Release|Any CPU
		{87E5662B-0B18-4B45-AD99-83053F1F7785}.Release|Any CPU.Build.0 = Release|Any CPU
		{6ACB21AE-CD1C-46CE-8B28-81A72D886A22}.Debug|Any CPU.ActiveCfg = Debug|Any CPU
		{6ACB21AE-CD1C-46CE-8B28-81A72D886A22}.Debug|Any CPU.Build.0 = Debug|Any CPU
		{6ACB21AE-CD1C-46CE-8B28-81A72D886A22}.Release|Any CPU.ActiveCfg = Release|Any CPU
		{6ACB21AE-CD1C-46CE-8B28-81A72D886A22}.Release|Any CPU.Build.0 = Release|Any CPU
		{F614F8E8-4BDA-449C-93DE-89F264D0DE2F}.Debug|Any CPU.ActiveCfg = Debug|Any CPU
		{F614F8E8-4BDA-449C-93DE-89F264D0DE2F}.Debug|Any CPU.Build.0 = Debug|Any CPU
		{F614F8E8-4BDA-449C-93DE-89F264D0DE2F}.Release|Any CPU.ActiveCfg = Release|Any CPU
		{F614F8E8-4BDA-449C-93DE-89F264D0DE2F}.Release|Any CPU.Build.0 = Release|Any CPU
		{74BC01E7-CFFE-45DA-9C2D-F36A64577578}.Debug|Any CPU.ActiveCfg = Debug|Any CPU
		{74BC01E7-CFFE-45DA-9C2D-F36A64577578}.Debug|Any CPU.Build.0 = Debug|Any CPU
		{74BC01E7-CFFE-45DA-9C2D-F36A64577578}.Release|Any CPU.ActiveCfg = Release|Any CPU
		{74BC01E7-CFFE-45DA-9C2D-F36A64577578}.Release|Any CPU.Build.0 = Release|Any CPU
		{3A7D1DCF-5FCA-4497-9D9F-6C1E8E4E22BE}.Debug|Any CPU.ActiveCfg = Debug|Any CPU
		{3A7D1DCF-5FCA-4497-9D9F-6C1E8E4E22BE}.Debug|Any CPU.Build.0 = Debug|Any CPU
		{3A7D1DCF-5FCA-4497-9D9F-6C1E8E4E22BE}.Release|Any CPU.ActiveCfg = Release|Any CPU
		{3A7D1DCF-5FCA-4497-9D9F-6C1E8E4E22BE}.Release|Any CPU.Build.0 = Release|Any CPU
		{70017499-1065-43DA-967F-8B6A82B8AAC7}.Debug|Any CPU.ActiveCfg = Debug|Any CPU
		{70017499-1065-43DA-967F-8B6A82B8AAC7}.Debug|Any CPU.Build.0 = Debug|Any CPU
		{70017499-1065-43DA-967F-8B6A82B8AAC7}.Release|Any CPU.ActiveCfg = Release|Any CPU
		{70017499-1065-43DA-967F-8B6A82B8AAC7}.Release|Any CPU.Build.0 = Release|Any CPU
		{A9A7531A-98A3-46C7-8B03-DC4927471BF9}.Debug|Any CPU.ActiveCfg = Debug|Any CPU
		{A9A7531A-98A3-46C7-8B03-DC4927471BF9}.Debug|Any CPU.Build.0 = Debug|Any CPU
		{A9A7531A-98A3-46C7-8B03-DC4927471BF9}.Release|Any CPU.ActiveCfg = Release|Any CPU
		{A9A7531A-98A3-46C7-8B03-DC4927471BF9}.Release|Any CPU.Build.0 = Release|Any CPU
		{D46B2D5A-F9D3-41EB-8884-03E33736B44C}.Debug|Any CPU.ActiveCfg = Debug|Any CPU
		{D46B2D5A-F9D3-41EB-8884-03E33736B44C}.Debug|Any CPU.Build.0 = Debug|Any CPU
		{D46B2D5A-F9D3-41EB-8884-03E33736B44C}.Release|Any CPU.ActiveCfg = Release|Any CPU
		{D46B2D5A-F9D3-41EB-8884-03E33736B44C}.Release|Any CPU.Build.0 = Release|Any CPU
		{32808FBF-3D56-4DD8-AC2C-E8F28B471413}.Debug|Any CPU.ActiveCfg = Debug|Any CPU
		{32808FBF-3D56-4DD8-AC2C-E8F28B471413}.Debug|Any CPU.Build.0 = Debug|Any CPU
		{32808FBF-3D56-4DD8-AC2C-E8F28B471413}.Release|Any CPU.ActiveCfg = Release|Any CPU
		{32808FBF-3D56-4DD8-AC2C-E8F28B471413}.Release|Any CPU.Build.0 = Release|Any CPU
		{C988558B-E6DC-450A-BD2E-09088A1E6656}.Debug|Any CPU.ActiveCfg = Debug|Any CPU
		{C988558B-E6DC-450A-BD2E-09088A1E6656}.Debug|Any CPU.Build.0 = Debug|Any CPU
		{C988558B-E6DC-450A-BD2E-09088A1E6656}.Release|Any CPU.ActiveCfg = Release|Any CPU
		{C988558B-E6DC-450A-BD2E-09088A1E6656}.Release|Any CPU.Build.0 = Release|Any CPU
	EndGlobalSection
	GlobalSection(SolutionProperties) = preSolution
		HideSolutionNode = FALSE
	EndGlobalSection
	GlobalSection(NestedProjects) = preSolution
		{4C7BC079-D2D0-477D-BEB5-46692A01429C} = {503A475E-8CF4-41FD-B358-62DBB1BA07BC}
		{8631A5EF-1240-40DB-8762-651C3F92FF74} = {503A475E-8CF4-41FD-B358-62DBB1BA07BC}
		{B5C241DE-0A86-471A-9042-1E1DCB7A9F47} = {503A475E-8CF4-41FD-B358-62DBB1BA07BC}
		{4F4D22F0-B30E-41A5-B712-1CE5409B9549} = {67161FD0-70D2-4BFE-82E7-D334954DF83B}
		{0703F598-AE03-4636-B5CE-BF7AA464220D} = {B953F851-0D3D-4CC5-8722-4C1FAD44C195}
		{0F24C02A-3636-49DD-A6A7-4AC7BC8344EA} = {67161FD0-70D2-4BFE-82E7-D334954DF83B}
		{B03E52E8-4F6B-4018-8A46-B46733C29D77} = {67161FD0-70D2-4BFE-82E7-D334954DF83B}
		{DE7C4A33-3D9C-48DB-88E9-EE217D2B2B14} = {7E6D07B5-2315-49F5-BAA8-9C80EEAA5B73}
		{F92B3703-74D6-4BD8-9788-D4BC6364BF1B} = {7E6D07B5-2315-49F5-BAA8-9C80EEAA5B73}
		{0F51528B-9EA9-4848-B747-9A1F8D46FF88} = {7E6D07B5-2315-49F5-BAA8-9C80EEAA5B73}
		{B309ADA1-B3C7-488C-B3AF-7C779B4BF0AB} = {7E6D07B5-2315-49F5-BAA8-9C80EEAA5B73}
		{22FEA485-958D-40AB-93BF-DA10CE406937} = {7E6D07B5-2315-49F5-BAA8-9C80EEAA5B73}
		{56A864AE-9275-434F-93FF-1DB111C530CD} = {6A02ECA5-57B1-46A7-95EB-A31D9867ECD3}
		{CF674619-DB20-4689-ACE0-08F20F9BBEED} = {6A02ECA5-57B1-46A7-95EB-A31D9867ECD3}
		{F5D7326D-14F8-4A09-82E0-EBD950292773} = {6A02ECA5-57B1-46A7-95EB-A31D9867ECD3}
		{2CADDA1D-3BA8-4DEC-B1ED-B69CCB5B514A} = {6A02ECA5-57B1-46A7-95EB-A31D9867ECD3}
		{87E5662B-0B18-4B45-AD99-83053F1F7785} = {0E1831C2-39BC-49CD-A649-8F0E865FFC1F}
		{6ACB21AE-CD1C-46CE-8B28-81A72D886A22} = {0E1831C2-39BC-49CD-A649-8F0E865FFC1F}
		{F614F8E8-4BDA-449C-93DE-89F264D0DE2F} = {0E1831C2-39BC-49CD-A649-8F0E865FFC1F}
		{74BC01E7-CFFE-45DA-9C2D-F36A64577578} = {0E1831C2-39BC-49CD-A649-8F0E865FFC1F}
		{3A7D1DCF-5FCA-4497-9D9F-6C1E8E4E22BE} = {7E6D07B5-2315-49F5-BAA8-9C80EEAA5B73}
		{70017499-1065-43DA-967F-8B6A82B8AAC7} = {7E6D07B5-2315-49F5-BAA8-9C80EEAA5B73}
		{A9A7531A-98A3-46C7-8B03-DC4927471BF9} = {05ADD289-5143-4D3D-8674-44B9022A6937}
		{D46B2D5A-F9D3-41EB-8884-03E33736B44C} = {05ADD289-5143-4D3D-8674-44B9022A6937}
		{32808FBF-3D56-4DD8-AC2C-E8F28B471413} = {05ADD289-5143-4D3D-8674-44B9022A6937}
		{C988558B-E6DC-450A-BD2E-09088A1E6656} = {05ADD289-5143-4D3D-8674-44B9022A6937}
	EndGlobalSection
	GlobalSection(ExtensibilityGlobals) = postSolution
		SolutionGuid = {C68AB3D0-1A10-4000-9B35-E35F513BF374}
	EndGlobalSection
EndGlobal
