
Microsoft Visual Studio Solution File, Format Version 12.00
# Visual Studio Version 17
VisualStudioVersion = 17.1.32210.238
MinimumVisualStudioVersion = 10.0.40219.1
Project("{9A19103F-16F7-4668-BE54-9A1E7A4F7556}") = "Postex.Infrastructure", "Infrastructure\Postex.Infrastructure\Postex.Infrastructure\Postex.Infrastructure.csproj", "{4C7BC079-D2D0-477D-BEB5-46692A01429C}"
EndProject
Project("{9A19103F-16F7-4668-BE54-9A1E7A4F7556}") = "Postex.SharedKernel", "SharedKernel\Postex.SharedKernel\Postex.SharedKernel.csproj", "{8631A5EF-1240-40DB-8762-651C3F92FF74}"
EndProject
Project("{9A19103F-16F7-4668-BE54-9A1E7A4F7556}") = "Postex.Application", "Application\Postex.Application\Postex.Application.csproj", "{B5C241DE-0A86-471A-9042-1E1DCB7A9F47}"
EndProject
Project("{9A19103F-16F7-4668-BE54-9A1E7A4F7556}") = "Postex.ContractService", "Services\Postex.ContractService\Postex.ContractService.csproj", "{A944DE28-6262-4DDF-B8C2-B03BD724D9D1}"
EndProject
Project("{2150E333-8FDC-42A3-9474-1A3956D46DE8}") = "Services", "Services", "{B953F851-0D3D-4CC5-8722-4C1FAD44C195}"
EndProject
Project("{9A19103F-16F7-4668-BE54-9A1E7A4F7556}") = "Postex.NotificationService", "Services\Postex.NotificationService\Postex.NotificationService.csproj", "{64B609B3-C190-44B2-9659-9B42172C21D7}"
EndProject
Project("{9A19103F-16F7-4668-BE54-9A1E7A4F7556}") = "Postex.AddressService", "Postex.AddressService\Postex.AddressService.csproj", "{4F4D22F0-B30E-41A5-B712-1CE5409B9549}"
EndProject
Project("{9A19103F-16F7-4668-BE54-9A1E7A4F7556}") = "Postex.TrackingService", "Services\TrackingService\Postex.TrackingService.csproj", "{0703F598-AE03-4636-B5CE-BF7AA464220D}"
EndProject
Project("{9A19103F-16F7-4668-BE54-9A1E7A4F7556}") = "Postex.ProductService", "Services\Postex.ProductService\Postex.ProductService.csproj", "{66F5B912-69B7-4331-999C-F01EB4AE4DB3}"
EndProject
Project("{2150E333-8FDC-42A3-9474-1A3956D46DE8}") = "Address", "Address", "{67161FD0-70D2-4BFE-82E7-D334954DF83B}"
EndProject
Project("{9A19103F-16F7-4668-BE54-9A1E7A4F7556}") = "Postex.AddressService.Domain", "Services\AddressService\Postex.AddressService.Domain\Postex.AddressService.Domain.csproj", "{0F24C02A-3636-49DD-A6A7-4AC7BC8344EA}"
EndProject
Project("{9A19103F-16F7-4668-BE54-9A1E7A4F7556}") = "Postex.AddressService.Infrastructure", "Postex.AddressService.Infrastructure\Postex.AddressService.Infrastructure.csproj", "{B03E52E8-4F6B-4018-8A46-B46733C29D77}"
EndProject
Project("{2150E333-8FDC-42A3-9474-1A3956D46DE8}") = "Notification", "Notification", "{05ADD289-5143-4D3D-8674-44B9022A6937}"
EndProject
Project("{2150E333-8FDC-42A3-9474-1A3956D46DE8}") = "Product", "Product", "{7E6D07B5-2315-49F5-BAA8-9C80EEAA5B73}"
EndProject
Project("{2150E333-8FDC-42A3-9474-1A3956D46DE8}") = "Shared", "Shared", "{503A475E-8CF4-41FD-B358-62DBB1BA07BC}"
EndProject
Project("{9A19103F-16F7-4668-BE54-9A1E7A4F7556}") = "Postex.Product.Domain", "Product\Postex.Product.Domain\Postex.Product.Domain.csproj", "{DE7C4A33-3D9C-48DB-88E9-EE217D2B2B14}"
EndProject
Project("{9A19103F-16F7-4668-BE54-9A1E7A4F7556}") = "Postex.Product.Infrastructure", "Product\Postex.Product.Infrastructure\Postex.Product.Infrastructure.csproj", "{F92B3703-74D6-4BD8-9788-D4BC6364BF1B}"
EndProject
Project("{9A19103F-16F7-4668-BE54-9A1E7A4F7556}") = "Postex.Product.Application", "Product\Postex.Product.Application\Postex.Product.Application.csproj", "{0F51528B-9EA9-4848-B747-9A1F8D46FF88}"
EndProject
Project("{9A19103F-16F7-4668-BE54-9A1E7A4F7556}") = "Postex.Product.Api", "Product\Postex.Product.Api\Postex.Product.Api.csproj", "{B309ADA1-B3C7-488C-B3AF-7C779B4BF0AB}"
EndProject
Project("{9A19103F-16F7-4668-BE54-9A1E7A4F7556}") = "Postex.ProductService.Api", "Product\Postex.ProductService.Api\Postex.ProductService.Api.csproj", "{A279C3C4-798E-4546-858B-ADBD2E668A80}"
EndProject
Project("{2150E333-8FDC-42A3-9474-1A3956D46DE8}") = "Contract", "Contract", "{36C42113-A7D7-4B68-B50A-E91A9D717729}"
EndProject
Project("{9A19103F-16F7-4668-BE54-9A1E7A4F7556}") = "Postex.Contract.Infrastructure", "Contract\Postex.Contract.Infrastructure\Postex.Contract.Infrastructure.csproj", "{FAAA9606-3E30-4C5C-A207-2151A7C1AA65}"
EndProject
Project("{9A19103F-16F7-4668-BE54-9A1E7A4F7556}") = "Postex.Contract.Domain", "Contract\Postex.Contract.Domain\Postex.Contract.Domain.csproj", "{D2A245D2-11A5-4345-96BF-3BB51B858B03}"
EndProject
Project("{9A19103F-16F7-4668-BE54-9A1E7A4F7556}") = "Postex.Contract.Application", "Contract\Postex.Contract.Application\Postex.Contract.Application.csproj", "{5C9809C0-A0F5-43FC-A087-08A6846DC397}"
EndProject
Project("{9A19103F-16F7-4668-BE54-9A1E7A4F7556}") = "Postex.Contract.Api", "Contract\Postex.Contract.Api\Postex.Contract.Api.csproj", "{51A4548F-7FD1-4847-B86F-3488AC798348}"
EndProject
Project("{9A19103F-16F7-4668-BE54-9A1E7A4F7556}") = "Postex.Product.UnitTest", "Product\Postex.Product.UnitTest\Postex.Product.UnitTest.csproj", "{22FEA485-958D-40AB-93BF-DA10CE406937}"
EndProject
Project("{2150E333-8FDC-42A3-9474-1A3956D46DE8}") = "ProfileManagement", "ProfileManagement", "{7F5996AA-611E-4F60-BD36-2A55D757B2E8}"
EndProject
Project("{9A19103F-16F7-4668-BE54-9A1E7A4F7556}") = "Postex.ProfileManagement.Domain", "ProfileManagement\Postex.ProfileManagement.Domain\Postex.ProfileManagement.Domain.csproj", "{6F070B34-6ABD-446B-8D7A-0EE4B001C7B7}"
EndProject
Project("{9A19103F-16F7-4668-BE54-9A1E7A4F7556}") = "Postex.ProfileManagement.Application", "ProfileManagement\Postex.ProfileManagement.Application\Postex.ProfileManagement.Application.csproj", "{C0664479-D94A-4097-9A24-ACC728712890}"
EndProject
Project("{9A19103F-16F7-4668-BE54-9A1E7A4F7556}") = "Postex.ProfileManagement.Infrastructure", "ProfileManagement\Postex.ProfileManagement.Infrastructure\Postex.ProfileManagement.Infrastructure.csproj", "{C57DF9ED-9EF3-4E00-B5BD-CBDEC1BB2C54}"
EndProject
Project("{2150E333-8FDC-42A3-9474-1A3956D46DE8}") = "UserManagement", "UserManagement", "{6A02ECA5-57B1-46A7-95EB-A31D9867ECD3}"
EndProject
Project("{9A19103F-16F7-4668-BE54-9A1E7A4F7556}") = "Postex.UserManagement.Api", "UserManagement\Postex.UserManagement.Api\Postex.UserManagement.Api.csproj", "{56A864AE-9275-434F-93FF-1DB111C530CD}"
EndProject
Project("{9A19103F-16F7-4668-BE54-9A1E7A4F7556}") = "Postex.UserManagement.Application", "UserManagement\Postex.UserManagement.Application\Postex.UserManagement.Application.csproj", "{CF674619-DB20-4689-ACE0-08F20F9BBEED}"
EndProject
Project("{9A19103F-16F7-4668-BE54-9A1E7A4F7556}") = "Postex.UserManagement.Domain", "UserManagement\Postex.UserManagement.Domain\Postex.UserManagement.Domain.csproj", "{F5D7326D-14F8-4A09-82E0-EBD950292773}"
EndProject
Project("{9A19103F-16F7-4668-BE54-9A1E7A4F7556}") = "Postex.UserManagement.Infrastructure", "UserManagement\Postex.UserManagement.Infrastructure\Postex.UserManagement.Infrastructure.csproj", "{2CADDA1D-3BA8-4DEC-B1ED-B69CCB5B514A}"
EndProject
Project("{9A19103F-16F7-4668-BE54-9A1E7A4F7556}") = "Postex.ProfileManagement.Api", "ProfileManagement\Postex.ProfileManagement.Api\Postex.ProfileManagement.Api.csproj", "{8D95F193-4552-4921-A81C-310F8A6693D9}"
EndProject
Project("{2150E333-8FDC-42A3-9474-1A3956D46DE8}") = "Pudo", "Pudo", "{0E1831C2-39BC-49CD-A649-8F0E865FFC1F}"
EndProject
Project("{9A19103F-16F7-4668-BE54-9A1E7A4F7556}") = "Postex.Pudo.Api", "Pudo\Postex.Pudo.Api\Postex.Pudo.Api.csproj", "{87E5662B-0B18-4B45-AD99-83053F1F7785}"
EndProject
Project("{9A19103F-16F7-4668-BE54-9A1E7A4F7556}") = "Postex.Pudo.Application", "Pudo\Postex.Pudo.Application\Postex.Pudo.Application.csproj", "{6ACB21AE-CD1C-46CE-8B28-81A72D886A22}"
EndProject
Project("{9A19103F-16F7-4668-BE54-9A1E7A4F7556}") = "Postex.Pudo.Infrastructure", "Pudo\Postex.Pudo.Infrastructure\Postex.Pudo.Infrastructure.csproj", "{F614F8E8-4BDA-449C-93DE-89F264D0DE2F}"
EndProject
Project("{9A19103F-16F7-4668-BE54-9A1E7A4F7556}") = "Postex.Pudo.Domain", "Pudo\Postex.Pudo.Domain\Postex.Pudo.Domain.csproj", "{74BC01E7-CFFE-45DA-9C2D-F36A64577578}"
EndProject
Project("{9A19103F-16F7-4668-BE54-9A1E7A4F7556}") = "Postex.Product.ContractApi", "Product\Postex.Product.ContractApi\Postex.Product.ContractApi.csproj", "{3A7D1DCF-5FCA-4497-9D9F-6C1E8E4E22BE}"
EndProject
Global
	GlobalSection(SolutionConfigurationPlatforms) = preSolution
		Debug|Any CPU = Debug|Any CPU
		Release|Any CPU = Release|Any CPU
	EndGlobalSection
	GlobalSection(ProjectConfigurationPlatforms) = postSolution
		{4C7BC079-D2D0-477D-BEB5-46692A01429C}.Debug|Any CPU.ActiveCfg = Debug|Any CPU
		{4C7BC079-D2D0-477D-BEB5-46692A01429C}.Debug|Any CPU.Build.0 = Debug|Any CPU
		{4C7BC079-D2D0-477D-BEB5-46692A01429C}.Release|Any CPU.ActiveCfg = Release|Any CPU
		{4C7BC079-D2D0-477D-BEB5-46692A01429C}.Release|Any CPU.Build.0 = Release|Any CPU
		{8631A5EF-1240-40DB-8762-651C3F92FF74}.Debug|Any CPU.ActiveCfg = Debug|Any CPU
		{8631A5EF-1240-40DB-8762-651C3F92FF74}.Debug|Any CPU.Build.0 = Debug|Any CPU
		{8631A5EF-1240-40DB-8762-651C3F92FF74}.Release|Any CPU.ActiveCfg = Release|Any CPU
		{8631A5EF-1240-40DB-8762-651C3F92FF74}.Release|Any CPU.Build.0 = Release|Any CPU
		{B5C241DE-0A86-471A-9042-1E1DCB7A9F47}.Debug|Any CPU.ActiveCfg = Debug|Any CPU
		{B5C241DE-0A86-471A-9042-1E1DCB7A9F47}.Debug|Any CPU.Build.0 = Debug|Any CPU
		{B5C241DE-0A86-471A-9042-1E1DCB7A9F47}.Release|Any CPU.ActiveCfg = Release|Any CPU
		{B5C241DE-0A86-471A-9042-1E1DCB7A9F47}.Release|Any CPU.Build.0 = Release|Any CPU
		{A944DE28-6262-4DDF-B8C2-B03BD724D9D1}.Debug|Any CPU.ActiveCfg = Debug|Any CPU
		{A944DE28-6262-4DDF-B8C2-B03BD724D9D1}.Debug|Any CPU.Build.0 = Debug|Any CPU
		{A944DE28-6262-4DDF-B8C2-B03BD724D9D1}.Release|Any CPU.ActiveCfg = Release|Any CPU
		{A944DE28-6262-4DDF-B8C2-B03BD724D9D1}.Release|Any CPU.Build.0 = Release|Any CPU
		{64B609B3-C190-44B2-9659-9B42172C21D7}.Debug|Any CPU.ActiveCfg = Debug|Any CPU
		{64B609B3-C190-44B2-9659-9B42172C21D7}.Debug|Any CPU.Build.0 = Debug|Any CPU
		{64B609B3-C190-44B2-9659-9B42172C21D7}.Release|Any CPU.ActiveCfg = Release|Any CPU
		{64B609B3-C190-44B2-9659-9B42172C21D7}.Release|Any CPU.Build.0 = Release|Any CPU
		{4F4D22F0-B30E-41A5-B712-1CE5409B9549}.Debug|Any CPU.ActiveCfg = Debug|Any CPU
		{4F4D22F0-B30E-41A5-B712-1CE5409B9549}.Debug|Any CPU.Build.0 = Debug|Any CPU
		{4F4D22F0-B30E-41A5-B712-1CE5409B9549}.Release|Any CPU.ActiveCfg = Release|Any CPU
		{4F4D22F0-B30E-41A5-B712-1CE5409B9549}.Release|Any CPU.Build.0 = Release|Any CPU
		{0703F598-AE03-4636-B5CE-BF7AA464220D}.Debug|Any CPU.ActiveCfg = Debug|Any CPU
		{0703F598-AE03-4636-B5CE-BF7AA464220D}.Debug|Any CPU.Build.0 = Debug|Any CPU
		{0703F598-AE03-4636-B5CE-BF7AA464220D}.Release|Any CPU.ActiveCfg = Release|Any CPU
		{0703F598-AE03-4636-B5CE-BF7AA464220D}.Release|Any CPU.Build.0 = Release|Any CPU
		{66F5B912-69B7-4331-999C-F01EB4AE4DB3}.Debug|Any CPU.ActiveCfg = Debug|Any CPU
		{66F5B912-69B7-4331-999C-F01EB4AE4DB3}.Debug|Any CPU.Build.0 = Debug|Any CPU
		{66F5B912-69B7-4331-999C-F01EB4AE4DB3}.Release|Any CPU.ActiveCfg = Release|Any CPU
		{66F5B912-69B7-4331-999C-F01EB4AE4DB3}.Release|Any CPU.Build.0 = Release|Any CPU
		{0F24C02A-3636-49DD-A6A7-4AC7BC8344EA}.Debug|Any CPU.ActiveCfg = Debug|Any CPU
		{0F24C02A-3636-49DD-A6A7-4AC7BC8344EA}.Debug|Any CPU.Build.0 = Debug|Any CPU
		{0F24C02A-3636-49DD-A6A7-4AC7BC8344EA}.Release|Any CPU.ActiveCfg = Release|Any CPU
		{0F24C02A-3636-49DD-A6A7-4AC7BC8344EA}.Release|Any CPU.Build.0 = Release|Any CPU
		{B03E52E8-4F6B-4018-8A46-B46733C29D77}.Debug|Any CPU.ActiveCfg = Debug|Any CPU
		{B03E52E8-4F6B-4018-8A46-B46733C29D77}.Debug|Any CPU.Build.0 = Debug|Any CPU
		{B03E52E8-4F6B-4018-8A46-B46733C29D77}.Release|Any CPU.ActiveCfg = Release|Any CPU
		{B03E52E8-4F6B-4018-8A46-B46733C29D77}.Release|Any CPU.Build.0 = Release|Any CPU
		{DE7C4A33-3D9C-48DB-88E9-EE217D2B2B14}.Debug|Any CPU.ActiveCfg = Debug|Any CPU
		{DE7C4A33-3D9C-48DB-88E9-EE217D2B2B14}.Debug|Any CPU.Build.0 = Debug|Any CPU
		{DE7C4A33-3D9C-48DB-88E9-EE217D2B2B14}.Release|Any CPU.ActiveCfg = Release|Any CPU
		{DE7C4A33-3D9C-48DB-88E9-EE217D2B2B14}.Release|Any CPU.Build.0 = Release|Any CPU
		{F92B3703-74D6-4BD8-9788-D4BC6364BF1B}.Debug|Any CPU.ActiveCfg = Debug|Any CPU
		{F92B3703-74D6-4BD8-9788-D4BC6364BF1B}.Debug|Any CPU.Build.0 = Debug|Any CPU
		{F92B3703-74D6-4BD8-9788-D4BC6364BF1B}.Release|Any CPU.ActiveCfg = Release|Any CPU
		{F92B3703-74D6-4BD8-9788-D4BC6364BF1B}.Release|Any CPU.Build.0 = Release|Any CPU
		{0F51528B-9EA9-4848-B747-9A1F8D46FF88}.Debug|Any CPU.ActiveCfg = Debug|Any CPU
		{0F51528B-9EA9-4848-B747-9A1F8D46FF88}.Debug|Any CPU.Build.0 = Debug|Any CPU
		{0F51528B-9EA9-4848-B747-9A1F8D46FF88}.Release|Any CPU.ActiveCfg = Release|Any CPU
		{0F51528B-9EA9-4848-B747-9A1F8D46FF88}.Release|Any CPU.Build.0 = Release|Any CPU
		{B309ADA1-B3C7-488C-B3AF-7C779B4BF0AB}.Debug|Any CPU.ActiveCfg = Debug|Any CPU
		{B309ADA1-B3C7-488C-B3AF-7C779B4BF0AB}.Debug|Any CPU.Build.0 = Debug|Any CPU
		{B309ADA1-B3C7-488C-B3AF-7C779B4BF0AB}.Release|Any CPU.ActiveCfg = Release|Any CPU
		{B309ADA1-B3C7-488C-B3AF-7C779B4BF0AB}.Release|Any CPU.Build.0 = Release|Any CPU
		{A279C3C4-798E-4546-858B-ADBD2E668A80}.Debug|Any CPU.ActiveCfg = Debug|Any CPU
		{A279C3C4-798E-4546-858B-ADBD2E668A80}.Debug|Any CPU.Build.0 = Debug|Any CPU
		{A279C3C4-798E-4546-858B-ADBD2E668A80}.Release|Any CPU.ActiveCfg = Release|Any CPU
		{A279C3C4-798E-4546-858B-ADBD2E668A80}.Release|Any CPU.Build.0 = Release|Any CPU
		{FAAA9606-3E30-4C5C-A207-2151A7C1AA65}.Debug|Any CPU.ActiveCfg = Debug|Any CPU
		{FAAA9606-3E30-4C5C-A207-2151A7C1AA65}.Debug|Any CPU.Build.0 = Debug|Any CPU
		{FAAA9606-3E30-4C5C-A207-2151A7C1AA65}.Release|Any CPU.ActiveCfg = Release|Any CPU
		{FAAA9606-3E30-4C5C-A207-2151A7C1AA65}.Release|Any CPU.Build.0 = Release|Any CPU
		{D2A245D2-11A5-4345-96BF-3BB51B858B03}.Debug|Any CPU.ActiveCfg = Debug|Any CPU
		{D2A245D2-11A5-4345-96BF-3BB51B858B03}.Debug|Any CPU.Build.0 = Debug|Any CPU
		{D2A245D2-11A5-4345-96BF-3BB51B858B03}.Release|Any CPU.ActiveCfg = Release|Any CPU
		{D2A245D2-11A5-4345-96BF-3BB51B858B03}.Release|Any CPU.Build.0 = Release|Any CPU
		{5C9809C0-A0F5-43FC-A087-08A6846DC397}.Debug|Any CPU.ActiveCfg = Debug|Any CPU
		{5C9809C0-A0F5-43FC-A087-08A6846DC397}.Debug|Any CPU.Build.0 = Debug|Any CPU
		{5C9809C0-A0F5-43FC-A087-08A6846DC397}.Release|Any CPU.ActiveCfg = Release|Any CPU
		{5C9809C0-A0F5-43FC-A087-08A6846DC397}.Release|Any CPU.Build.0 = Release|Any CPU
		{51A4548F-7FD1-4847-B86F-3488AC798348}.Debug|Any CPU.ActiveCfg = Debug|Any CPU
		{51A4548F-7FD1-4847-B86F-3488AC798348}.Debug|Any CPU.Build.0 = Debug|Any CPU
		{51A4548F-7FD1-4847-B86F-3488AC798348}.Release|Any CPU.ActiveCfg = Release|Any CPU
		{51A4548F-7FD1-4847-B86F-3488AC798348}.Release|Any CPU.Build.0 = Release|Any CPU
		{22FEA485-958D-40AB-93BF-DA10CE406937}.Debug|Any CPU.ActiveCfg = Debug|Any CPU
		{22FEA485-958D-40AB-93BF-DA10CE406937}.Debug|Any CPU.Build.0 = Debug|Any CPU
		{22FEA485-958D-40AB-93BF-DA10CE406937}.Release|Any CPU.ActiveCfg = Release|Any CPU
		{22FEA485-958D-40AB-93BF-DA10CE406937}.Release|Any CPU.Build.0 = Release|Any CPU
		{6F070B34-6ABD-446B-8D7A-0EE4B001C7B7}.Debug|Any CPU.ActiveCfg = Debug|Any CPU
		{6F070B34-6ABD-446B-8D7A-0EE4B001C7B7}.Debug|Any CPU.Build.0 = Debug|Any CPU
		{6F070B34-6ABD-446B-8D7A-0EE4B001C7B7}.Release|Any CPU.ActiveCfg = Release|Any CPU
		{6F070B34-6ABD-446B-8D7A-0EE4B001C7B7}.Release|Any CPU.Build.0 = Release|Any CPU
		{C0664479-D94A-4097-9A24-ACC728712890}.Debug|Any CPU.ActiveCfg = Debug|Any CPU
		{C0664479-D94A-4097-9A24-ACC728712890}.Debug|Any CPU.Build.0 = Debug|Any CPU
		{C0664479-D94A-4097-9A24-ACC728712890}.Release|Any CPU.ActiveCfg = Release|Any CPU
		{C0664479-D94A-4097-9A24-ACC728712890}.Release|Any CPU.Build.0 = Release|Any CPU
		{C57DF9ED-9EF3-4E00-B5BD-CBDEC1BB2C54}.Debug|Any CPU.ActiveCfg = Debug|Any CPU
		{C57DF9ED-9EF3-4E00-B5BD-CBDEC1BB2C54}.Debug|Any CPU.Build.0 = Debug|Any CPU
		{C57DF9ED-9EF3-4E00-B5BD-CBDEC1BB2C54}.Release|Any CPU.ActiveCfg = Release|Any CPU
		{C57DF9ED-9EF3-4E00-B5BD-CBDEC1BB2C54}.Release|Any CPU.Build.0 = Release|Any CPU
		{56A864AE-9275-434F-93FF-1DB111C530CD}.Debug|Any CPU.ActiveCfg = Debug|Any CPU
		{56A864AE-9275-434F-93FF-1DB111C530CD}.Debug|Any CPU.Build.0 = Debug|Any CPU
		{56A864AE-9275-434F-93FF-1DB111C530CD}.Release|Any CPU.ActiveCfg = Release|Any CPU
		{56A864AE-9275-434F-93FF-1DB111C530CD}.Release|Any CPU.Build.0 = Release|Any CPU
		{CF674619-DB20-4689-ACE0-08F20F9BBEED}.Debug|Any CPU.ActiveCfg = Debug|Any CPU
		{CF674619-DB20-4689-ACE0-08F20F9BBEED}.Debug|Any CPU.Build.0 = Debug|Any CPU
		{CF674619-DB20-4689-ACE0-08F20F9BBEED}.Release|Any CPU.ActiveCfg = Release|Any CPU
		{CF674619-DB20-4689-ACE0-08F20F9BBEED}.Release|Any CPU.Build.0 = Release|Any CPU
		{F5D7326D-14F8-4A09-82E0-EBD950292773}.Debug|Any CPU.ActiveCfg = Debug|Any CPU
		{F5D7326D-14F8-4A09-82E0-EBD950292773}.Debug|Any CPU.Build.0 = Debug|Any CPU
		{F5D7326D-14F8-4A09-82E0-EBD950292773}.Release|Any CPU.ActiveCfg = Release|Any CPU
		{F5D7326D-14F8-4A09-82E0-EBD950292773}.Release|Any CPU.Build.0 = Release|Any CPU
		{2CADDA1D-3BA8-4DEC-B1ED-B69CCB5B514A}.Debug|Any CPU.ActiveCfg = Debug|Any CPU
		{2CADDA1D-3BA8-4DEC-B1ED-B69CCB5B514A}.Debug|Any CPU.Build.0 = Debug|Any CPU
		{2CADDA1D-3BA8-4DEC-B1ED-B69CCB5B514A}.Release|Any CPU.ActiveCfg = Release|Any CPU
		{2CADDA1D-3BA8-4DEC-B1ED-B69CCB5B514A}.Release|Any CPU.Build.0 = Release|Any CPU
		{8D95F193-4552-4921-A81C-310F8A6693D9}.Debug|Any CPU.ActiveCfg = Debug|Any CPU
		{8D95F193-4552-4921-A81C-310F8A6693D9}.Debug|Any CPU.Build.0 = Debug|Any CPU
		{8D95F193-4552-4921-A81C-310F8A6693D9}.Release|Any CPU.ActiveCfg = Release|Any CPU
		{8D95F193-4552-4921-A81C-310F8A6693D9}.Release|Any CPU.Build.0 = Release|Any CPU
		{87E5662B-0B18-4B45-AD99-83053F1F7785}.Debug|Any CPU.ActiveCfg = Debug|Any CPU
		{87E5662B-0B18-4B45-AD99-83053F1F7785}.Debug|Any CPU.Build.0 = Debug|Any CPU
		{87E5662B-0B18-4B45-AD99-83053F1F7785}.Release|Any CPU.ActiveCfg = Release|Any CPU
		{87E5662B-0B18-4B45-AD99-83053F1F7785}.Release|Any CPU.Build.0 = Release|Any CPU
		{6ACB21AE-CD1C-46CE-8B28-81A72D886A22}.Debug|Any CPU.ActiveCfg = Debug|Any CPU
		{6ACB21AE-CD1C-46CE-8B28-81A72D886A22}.Debug|Any CPU.Build.0 = Debug|Any CPU
		{6ACB21AE-CD1C-46CE-8B28-81A72D886A22}.Release|Any CPU.ActiveCfg = Release|Any CPU
		{6ACB21AE-CD1C-46CE-8B28-81A72D886A22}.Release|Any CPU.Build.0 = Release|Any CPU
		{F614F8E8-4BDA-449C-93DE-89F264D0DE2F}.Debug|Any CPU.ActiveCfg = Debug|Any CPU
		{F614F8E8-4BDA-449C-93DE-89F264D0DE2F}.Debug|Any CPU.Build.0 = Debug|Any CPU
		{F614F8E8-4BDA-449C-93DE-89F264D0DE2F}.Release|Any CPU.ActiveCfg = Release|Any CPU
		{F614F8E8-4BDA-449C-93DE-89F264D0DE2F}.Release|Any CPU.Build.0 = Release|Any CPU
		{74BC01E7-CFFE-45DA-9C2D-F36A64577578}.Debug|Any CPU.ActiveCfg = Debug|Any CPU
		{74BC01E7-CFFE-45DA-9C2D-F36A64577578}.Debug|Any CPU.Build.0 = Debug|Any CPU
		{74BC01E7-CFFE-45DA-9C2D-F36A64577578}.Release|Any CPU.ActiveCfg = Release|Any CPU
		{74BC01E7-CFFE-45DA-9C2D-F36A64577578}.Release|Any CPU.Build.0 = Release|Any CPU
		{3A7D1DCF-5FCA-4497-9D9F-6C1E8E4E22BE}.Debug|Any CPU.ActiveCfg = Debug|Any CPU
		{3A7D1DCF-5FCA-4497-9D9F-6C1E8E4E22BE}.Debug|Any CPU.Build.0 = Debug|Any CPU
		{3A7D1DCF-5FCA-4497-9D9F-6C1E8E4E22BE}.Release|Any CPU.ActiveCfg = Release|Any CPU
		{3A7D1DCF-5FCA-4497-9D9F-6C1E8E4E22BE}.Release|Any CPU.Build.0 = Release|Any CPU
	EndGlobalSection
	GlobalSection(SolutionProperties) = preSolution
		HideSolutionNode = FALSE
	EndGlobalSection
	GlobalSection(NestedProjects) = preSolution
		{4C7BC079-D2D0-477D-BEB5-46692A01429C} = {503A475E-8CF4-41FD-B358-62DBB1BA07BC}
		{8631A5EF-1240-40DB-8762-651C3F92FF74} = {503A475E-8CF4-41FD-B358-62DBB1BA07BC}
		{B5C241DE-0A86-471A-9042-1E1DCB7A9F47} = {503A475E-8CF4-41FD-B358-62DBB1BA07BC}
		{A944DE28-6262-4DDF-B8C2-B03BD724D9D1} = {B953F851-0D3D-4CC5-8722-4C1FAD44C195}
		{64B609B3-C190-44B2-9659-9B42172C21D7} = {05ADD289-5143-4D3D-8674-44B9022A6937}
		{4F4D22F0-B30E-41A5-B712-1CE5409B9549} = {67161FD0-70D2-4BFE-82E7-D334954DF83B}
		{0703F598-AE03-4636-B5CE-BF7AA464220D} = {B953F851-0D3D-4CC5-8722-4C1FAD44C195}
		{66F5B912-69B7-4331-999C-F01EB4AE4DB3} = {B953F851-0D3D-4CC5-8722-4C1FAD44C195}
		{0F24C02A-3636-49DD-A6A7-4AC7BC8344EA} = {67161FD0-70D2-4BFE-82E7-D334954DF83B}
		{B03E52E8-4F6B-4018-8A46-B46733C29D77} = {67161FD0-70D2-4BFE-82E7-D334954DF83B}
		{DE7C4A33-3D9C-48DB-88E9-EE217D2B2B14} = {7E6D07B5-2315-49F5-BAA8-9C80EEAA5B73}
		{F92B3703-74D6-4BD8-9788-D4BC6364BF1B} = {7E6D07B5-2315-49F5-BAA8-9C80EEAA5B73}
		{0F51528B-9EA9-4848-B747-9A1F8D46FF88} = {7E6D07B5-2315-49F5-BAA8-9C80EEAA5B73}
		{B309ADA1-B3C7-488C-B3AF-7C779B4BF0AB} = {7E6D07B5-2315-49F5-BAA8-9C80EEAA5B73}
		{A279C3C4-798E-4546-858B-ADBD2E668A80} = {7E6D07B5-2315-49F5-BAA8-9C80EEAA5B73}
		{FAAA9606-3E30-4C5C-A207-2151A7C1AA65} = {36C42113-A7D7-4B68-B50A-E91A9D717729}
		{D2A245D2-11A5-4345-96BF-3BB51B858B03} = {36C42113-A7D7-4B68-B50A-E91A9D717729}
		{5C9809C0-A0F5-43FC-A087-08A6846DC397} = {36C42113-A7D7-4B68-B50A-E91A9D717729}
		{51A4548F-7FD1-4847-B86F-3488AC798348} = {36C42113-A7D7-4B68-B50A-E91A9D717729}
		{22FEA485-958D-40AB-93BF-DA10CE406937} = {7E6D07B5-2315-49F5-BAA8-9C80EEAA5B73}
		{6F070B34-6ABD-446B-8D7A-0EE4B001C7B7} = {7F5996AA-611E-4F60-BD36-2A55D757B2E8}
		{C0664479-D94A-4097-9A24-ACC728712890} = {7F5996AA-611E-4F60-BD36-2A55D757B2E8}
		{C57DF9ED-9EF3-4E00-B5BD-CBDEC1BB2C54} = {7F5996AA-611E-4F60-BD36-2A55D757B2E8}
		{56A864AE-9275-434F-93FF-1DB111C530CD} = {6A02ECA5-57B1-46A7-95EB-A31D9867ECD3}
		{CF674619-DB20-4689-ACE0-08F20F9BBEED} = {6A02ECA5-57B1-46A7-95EB-A31D9867ECD3}
		{F5D7326D-14F8-4A09-82E0-EBD950292773} = {6A02ECA5-57B1-46A7-95EB-A31D9867ECD3}
		{2CADDA1D-3BA8-4DEC-B1ED-B69CCB5B514A} = {6A02ECA5-57B1-46A7-95EB-A31D9867ECD3}
		{8D95F193-4552-4921-A81C-310F8A6693D9} = {7F5996AA-611E-4F60-BD36-2A55D757B2E8}
		{3A7D1DCF-5FCA-4497-9D9F-6C1E8E4E22BE} = {7E6D07B5-2315-49F5-BAA8-9C80EEAA5B73}
	EndGlobalSection
	GlobalSection(ExtensibilityGlobals) = postSolution
		SolutionGuid = {C68AB3D0-1A10-4000-9B35-E35F513BF374}
	EndGlobalSection
EndGlobal
